
Microsoft Visual Studio Solution File, Format Version 12.00
# Visual Studio Version 16
VisualStudioVersion = 16.0.30717.126
MinimumVisualStudioVersion = 10.0.40219.1
Project("{FAE04EC0-301F-11D3-BF4B-00C04F79EFBC}") = "Products.Entities", "Products.Entities\Products.Entities.csproj", "{A6430588-9D0B-42FE-A5DF-2A4B399EA203}"
EndProject
Project("{FAE04EC0-301F-11D3-BF4B-00C04F79EFBC}") = "Products.DAL", "Products.DAL\Products.DAL.csproj", "{1F407E27-281C-4A8E-980C-058D56B7B057}"
EndProject
Project("{FAE04EC0-301F-11D3-BF4B-00C04F79EFBC}") = "Products.BL", "Products.BL\Products.BL.csproj", "{99CDF508-8E57-469C-A641-BEF3BD53DD8D}"
EndProject
Project("{FAE04EC0-301F-11D3-BF4B-00C04F79EFBC}") = "Products.UIWeb", "Products.UIWeb\Products.UIWeb.csproj", "{A79E08EF-61BE-4E06-935D-A4402F7A1D81}"
EndProject
Global
	GlobalSection(SolutionConfigurationPlatforms) = preSolution
		Debug|Any CPU = Debug|Any CPU
		Release|Any CPU = Release|Any CPU
	EndGlobalSection
	GlobalSection(ProjectConfigurationPlatforms) = postSolution
		{A6430588-9D0B-42FE-A5DF-2A4B399EA203}.Debug|Any CPU.ActiveCfg = Debug|Any CPU
		{A6430588-9D0B-42FE-A5DF-2A4B399EA203}.Debug|Any CPU.Build.0 = Debug|Any CPU
		{A6430588-9D0B-42FE-A5DF-2A4B399EA203}.Release|Any CPU.ActiveCfg = Release|Any CPU
		{A6430588-9D0B-42FE-A5DF-2A4B399EA203}.Release|Any CPU.Build.0 = Release|Any CPU
		{1F407E27-281C-4A8E-980C-058D56B7B057}.Debug|Any CPU.ActiveCfg = Debug|Any CPU
		{1F407E27-281C-4A8E-980C-058D56B7B057}.Debug|Any CPU.Build.0 = Debug|Any CPU
		{1F407E27-281C-4A8E-980C-058D56B7B057}.Release|Any CPU.ActiveCfg = Release|Any CPU
		{1F407E27-281C-4A8E-980C-058D56B7B057}.Release|Any CPU.Build.0 = Release|Any CPU
		{99CDF508-8E57-469C-A641-BEF3BD53DD8D}.Debug|Any CPU.ActiveCfg = Debug|Any CPU
		{99CDF508-8E57-469C-A641-BEF3BD53DD8D}.Debug|Any CPU.Build.0 = Debug|Any CPU
		{99CDF508-8E57-469C-A641-BEF3BD53DD8D}.Release|Any CPU.ActiveCfg = Release|Any CPU
		{99CDF508-8E57-469C-A641-BEF3BD53DD8D}.Release|Any CPU.Build.0 = Release|Any CPU
		{A79E08EF-61BE-4E06-935D-A4402F7A1D81}.Debug|Any CPU.ActiveCfg = Debug|Any CPU
		{A79E08EF-61BE-4E06-935D-A4402F7A1D81}.Debug|Any CPU.Build.0 = Debug|Any CPU
		{A79E08EF-61BE-4E06-935D-A4402F7A1D81}.Release|Any CPU.ActiveCfg = Release|Any CPU
		{A79E08EF-61BE-4E06-935D-A4402F7A1D81}.Release|Any CPU.Build.0 = Release|Any CPU
	EndGlobalSection
	GlobalSection(SolutionProperties) = preSolution
		HideSolutionNode = FALSE
	EndGlobalSection
	GlobalSection(ExtensibilityGlobals) = postSolution
		SolutionGuid = {EBA5E0A4-D6E7-4436-A28A-40CC591C1006}
	EndGlobalSection
EndGlobal
